
Microsoft Visual Studio Solution File, Format Version 12.00
# Visual Studio Version 17
VisualStudioVersion = 17.11.35219.272
MinimumVisualStudioVersion = 10.0.40219.1
Project("{9A19103F-16F7-4668-BE54-9A1E7A4F7556}") = "eBookStore.API", "eBookStore.API\eBookStore.API.csproj", "{48F8E5E9-60E0-470D-8DDD-147D145A0162}"
EndProject
Project("{FAE04EC0-301F-11D3-BF4B-00C04F79EFBC}") = "eBookStore.DAL", "eBookStore.DAL\eBookStore.DAL.csproj", "{67BC2667-96DA-4287-9147-815AF94D5DD2}"
EndProject
Project("{FAE04EC0-301F-11D3-BF4B-00C04F79EFBC}") = "eBookStore.BLL", "eBookStore.BLL\eBookStore.BLL.csproj", "{87E055A9-30F4-446B-9BC1-EE7366969FBD}"
EndProject
Project("{FAE04EC0-301F-11D3-BF4B-00C04F79EFBC}") = "eBookStore.UnitTests", "eBookStore.UnitTests\eBookStore.UnitTests.csproj", "{4931E990-2A33-4839-9E7D-4342220AB5A1}"
EndProject
Global
	GlobalSection(SolutionConfigurationPlatforms) = preSolution
		Debug|Any CPU = Debug|Any CPU
		Release|Any CPU = Release|Any CPU
	EndGlobalSection
	GlobalSection(ProjectConfigurationPlatforms) = postSolution
		{48F8E5E9-60E0-470D-8DDD-147D145A0162}.Debug|Any CPU.ActiveCfg = Debug|Any CPU
		{48F8E5E9-60E0-470D-8DDD-147D145A0162}.Debug|Any CPU.Build.0 = Debug|Any CPU
		{48F8E5E9-60E0-470D-8DDD-147D145A0162}.Release|Any CPU.ActiveCfg = Release|Any CPU
		{48F8E5E9-60E0-470D-8DDD-147D145A0162}.Release|Any CPU.Build.0 = Release|Any CPU
		{67BC2667-96DA-4287-9147-815AF94D5DD2}.Debug|Any CPU.ActiveCfg = Debug|Any CPU
		{67BC2667-96DA-4287-9147-815AF94D5DD2}.Debug|Any CPU.Build.0 = Debug|Any CPU
		{67BC2667-96DA-4287-9147-815AF94D5DD2}.Release|Any CPU.ActiveCfg = Release|Any CPU
		{67BC2667-96DA-4287-9147-815AF94D5DD2}.Release|Any CPU.Build.0 = Release|Any CPU
		{87E055A9-30F4-446B-9BC1-EE7366969FBD}.Debug|Any CPU.ActiveCfg = Debug|Any CPU
		{87E055A9-30F4-446B-9BC1-EE7366969FBD}.Debug|Any CPU.Build.0 = Debug|Any CPU
		{87E055A9-30F4-446B-9BC1-EE7366969FBD}.Release|Any CPU.ActiveCfg = Release|Any CPU
		{87E055A9-30F4-446B-9BC1-EE7366969FBD}.Release|Any CPU.Build.0 = Release|Any CPU
		{4931E990-2A33-4839-9E7D-4342220AB5A1}.Debug|Any CPU.ActiveCfg = Debug|Any CPU
		{4931E990-2A33-4839-9E7D-4342220AB5A1}.Debug|Any CPU.Build.0 = Debug|Any CPU
		{4931E990-2A33-4839-9E7D-4342220AB5A1}.Release|Any CPU.ActiveCfg = Release|Any CPU
		{4931E990-2A33-4839-9E7D-4342220AB5A1}.Release|Any CPU.Build.0 = Release|Any CPU
	EndGlobalSection
	GlobalSection(SolutionProperties) = preSolution
		HideSolutionNode = FALSE
	EndGlobalSection
	GlobalSection(ExtensibilityGlobals) = postSolution
		SolutionGuid = {EE787545-CD5B-4228-B2EB-AD3056ACA2B9}
	EndGlobalSection
EndGlobal
